
Microsoft Visual Studio Solution File, Format Version 12.00
# Visual Studio Version 17
VisualStudioVersion = 17.13.35931.197
MinimumVisualStudioVersion = 10.0.40219.1
Project("{FAE04EC0-301F-11D3-BF4B-00C04F79EFBC}") = "SPSS.BusinessObject", "SPSS.BusinessObject\SPSS.BusinessObject.csproj", "{B2C672E8-467D-418E-979F-BAA016FC729C}"
EndProject
Project("{FAE04EC0-301F-11D3-BF4B-00C04F79EFBC}") = "SPSS.Repository", "SPSS.Repository\SPSS.Repository.csproj", "{FACAF351-EC60-481E-BA07-50E9AE44AFB9}"
EndProject
Project("{FAE04EC0-301F-11D3-BF4B-00C04F79EFBC}") = "SPSS.Service", "SPSS.Service\SPSS.Service.csproj", "{A9791FD7-554E-4B10-BB9B-1FB856659C7D}"
EndProject
Project("{FAE04EC0-301F-11D3-BF4B-00C04F79EFBC}") = "SPSS.Shared", "SPSS.Shared\SPSS.Shared.csproj", "{97EF9B09-4ED4-41B2-8929-8BF70A10EA73}"
EndProject
Global
	GlobalSection(SolutionConfigurationPlatforms) = preSolution
		Debug|Any CPU = Debug|Any CPU
		Release|Any CPU = Release|Any CPU
	EndGlobalSection
	GlobalSection(ProjectConfigurationPlatforms) = postSolution
		{B2C672E8-467D-418E-979F-BAA016FC729C}.Debug|Any CPU.ActiveCfg = Debug|Any CPU
		{B2C672E8-467D-418E-979F-BAA016FC729C}.Debug|Any CPU.Build.0 = Debug|Any CPU
		{B2C672E8-467D-418E-979F-BAA016FC729C}.Release|Any CPU.ActiveCfg = Release|Any CPU
		{B2C672E8-467D-418E-979F-BAA016FC729C}.Release|Any CPU.Build.0 = Release|Any CPU
		{FACAF351-EC60-481E-BA07-50E9AE44AFB9}.Debug|Any CPU.ActiveCfg = Debug|Any CPU
		{FACAF351-EC60-481E-BA07-50E9AE44AFB9}.Debug|Any CPU.Build.0 = Debug|Any CPU
		{FACAF351-EC60-481E-BA07-50E9AE44AFB9}.Release|Any CPU.ActiveCfg = Release|Any CPU
		{FACAF351-EC60-481E-BA07-50E9AE44AFB9}.Release|Any CPU.Build.0 = Release|Any CPU
		{A9791FD7-554E-4B10-BB9B-1FB856659C7D}.Debug|Any CPU.ActiveCfg = Debug|Any CPU
		{A9791FD7-554E-4B10-BB9B-1FB856659C7D}.Debug|Any CPU.Build.0 = Debug|Any CPU
		{A9791FD7-554E-4B10-BB9B-1FB856659C7D}.Release|Any CPU.ActiveCfg = Release|Any CPU
		{A9791FD7-554E-4B10-BB9B-1FB856659C7D}.Release|Any CPU.Build.0 = Release|Any CPU
		{97EF9B09-4ED4-41B2-8929-8BF70A10EA73}.Debug|Any CPU.ActiveCfg = Debug|Any CPU
		{97EF9B09-4ED4-41B2-8929-8BF70A10EA73}.Debug|Any CPU.Build.0 = Debug|Any CPU
		{97EF9B09-4ED4-41B2-8929-8BF70A10EA73}.Release|Any CPU.ActiveCfg = Release|Any CPU
		{97EF9B09-4ED4-41B2-8929-8BF70A10EA73}.Release|Any CPU.Build.0 = Release|Any CPU
	EndGlobalSection
	GlobalSection(SolutionProperties) = preSolution
		HideSolutionNode = FALSE
	EndGlobalSection
	GlobalSection(ExtensibilityGlobals) = postSolution
		SolutionGuid = {BCDD12F6-DB02-45CA-98E7-4FB6322FBD1E}
	EndGlobalSection
EndGlobal
