
Microsoft Visual Studio Solution File, Format Version 12.00
# Visual Studio Version 17
VisualStudioVersion = 17.13.35931.197
MinimumVisualStudioVersion = 10.0.40219.1
Project("{FAE04EC0-301F-11D3-BF4B-00C04F79EFBC}") = "SPSS.BusinessObject", "SPSS.BusinessObject\SPSS.BusinessObject.csproj", "{ECBB5FC8-C7B3-4EB7-8298-AF5F07B573D2}"
EndProject
Project("{FAE04EC0-301F-11D3-BF4B-00C04F79EFBC}") = "SPSS.Repository", "SPSS.Repository\SPSS.Repository.csproj", "{C5A6E761-3A3C-4755-B20E-F9ED3744A3B8}"
EndProject
Project("{FAE04EC0-301F-11D3-BF4B-00C04F79EFBC}") = "SPSS.Service", "SPSS.Service\SPSS.Service.csproj", "{76CBF32F-6261-4497-AD89-AA110EA4B707}"
EndProject
Project("{FAE04EC0-301F-11D3-BF4B-00C04F79EFBC}") = "SPSS.Shared", "SPSS.Shared\SPSS.Shared.csproj", "{A0DCF6CE-5C75-4398-A741-52277119906F}"
EndProject
Project("{FAE04EC0-301F-11D3-BF4B-00C04F79EFBC}") = "SPSS.Api", "SPSS.Api\SPSS.Api.csproj", "{120604CA-6FE0-4215-9BFF-FE2DF3D099BA}"
EndProject
Global
	GlobalSection(SolutionConfigurationPlatforms) = preSolution
		Debug|Any CPU = Debug|Any CPU
		Release|Any CPU = Release|Any CPU
	EndGlobalSection
	GlobalSection(ProjectConfigurationPlatforms) = postSolution
		{ECBB5FC8-C7B3-4EB7-8298-AF5F07B573D2}.Debug|Any CPU.ActiveCfg = Debug|Any CPU
		{ECBB5FC8-C7B3-4EB7-8298-AF5F07B573D2}.Debug|Any CPU.Build.0 = Debug|Any CPU
		{ECBB5FC8-C7B3-4EB7-8298-AF5F07B573D2}.Release|Any CPU.ActiveCfg = Release|Any CPU
		{ECBB5FC8-C7B3-4EB7-8298-AF5F07B573D2}.Release|Any CPU.Build.0 = Release|Any CPU
		{C5A6E761-3A3C-4755-B20E-F9ED3744A3B8}.Debug|Any CPU.ActiveCfg = Debug|Any CPU
		{C5A6E761-3A3C-4755-B20E-F9ED3744A3B8}.Debug|Any CPU.Build.0 = Debug|Any CPU
		{C5A6E761-3A3C-4755-B20E-F9ED3744A3B8}.Release|Any CPU.ActiveCfg = Release|Any CPU
		{C5A6E761-3A3C-4755-B20E-F9ED3744A3B8}.Release|Any CPU.Build.0 = Release|Any CPU
		{76CBF32F-6261-4497-AD89-AA110EA4B707}.Debug|Any CPU.ActiveCfg = Debug|Any CPU
		{76CBF32F-6261-4497-AD89-AA110EA4B707}.Debug|Any CPU.Build.0 = Debug|Any CPU
		{76CBF32F-6261-4497-AD89-AA110EA4B707}.Release|Any CPU.ActiveCfg = Release|Any CPU
		{76CBF32F-6261-4497-AD89-AA110EA4B707}.Release|Any CPU.Build.0 = Release|Any CPU
		{A0DCF6CE-5C75-4398-A741-52277119906F}.Debug|Any CPU.ActiveCfg = Debug|Any CPU
		{A0DCF6CE-5C75-4398-A741-52277119906F}.Debug|Any CPU.Build.0 = Debug|Any CPU
		{A0DCF6CE-5C75-4398-A741-52277119906F}.Release|Any CPU.ActiveCfg = Release|Any CPU
		{A0DCF6CE-5C75-4398-A741-52277119906F}.Release|Any CPU.Build.0 = Release|Any CPU
		{120604CA-6FE0-4215-9BFF-FE2DF3D099BA}.Debug|Any CPU.ActiveCfg = Debug|Any CPU
		{120604CA-6FE0-4215-9BFF-FE2DF3D099BA}.Debug|Any CPU.Build.0 = Debug|Any CPU
		{120604CA-6FE0-4215-9BFF-FE2DF3D099BA}.Release|Any CPU.ActiveCfg = Release|Any CPU
		{120604CA-6FE0-4215-9BFF-FE2DF3D099BA}.Release|Any CPU.Build.0 = Release|Any CPU
	EndGlobalSection
	GlobalSection(SolutionProperties) = preSolution
		HideSolutionNode = FALSE
	EndGlobalSection
	GlobalSection(ExtensibilityGlobals) = postSolution
		SolutionGuid = {E2D08353-BF61-4A23-9C27-C3D5ABEFE686}
	EndGlobalSection
EndGlobal
